version = 1
revision = 3
requires-python = ">=3.13"

[[package]]
name = "amqp"
version = "5.3.1"
source = { registry = "https://pypi.org/simple" }
dependencies = [
    { name = "vine" },
]
sdist = { url = "https://files.pythonhosted.org/packages/79/fc/ec94a357dfc6683d8c86f8b4cfa5416a4c36b28052ec8260c77aca96a443/amqp-5.3.1.tar.gz", hash = "sha256:cddc00c725449522023bad949f70fff7b48f0b1ade74d170a6f10ab044739432", size = 129013, upload-time = "2024-11-12T19:55:44.051Z" }
wheels = [
    { url = "https://files.pythonhosted.org/packages/26/99/fc813cd978842c26c82534010ea849eee9ab3a13ea2b74e95cb9c99e747b/amqp-5.3.1-py3-none-any.whl", hash = "sha256:43b3319e1b4e7d1251833a93d672b4af1e40f3d632d479b98661a95f117880a2", size = 50944, upload-time = "2024-11-12T19:55:41.782Z" },
]

[[package]]
name = "asgiref"
version = "3.11.0"
source = { registry = "https://pypi.org/simple" }
sdist = { url = "https://files.pythonhosted.org/packages/76/b9/4db2509eabd14b4a8c71d1b24c8d5734c52b8560a7b1e1a8b56c8d25568b/asgiref-3.11.0.tar.gz", hash = "sha256:13acff32519542a1736223fb79a715acdebe24286d98e8b164a73085f40da2c4", size = 37969, upload-time = "2025-11-19T15:32:20.106Z" }
wheels = [
    { url = "https://files.pythonhosted.org/packages/91/be/317c2c55b8bbec407257d45f5c8d1b6867abc76d12043f2d3d58c538a4ea/asgiref-3.11.0-py3-none-any.whl", hash = "sha256:1db9021efadb0d9512ce8ffaf72fcef601c7b73a8807a1bb2ef143dc6b14846d", size = 24096, upload-time = "2025-11-19T15:32:19.004Z" },
]

[[package]]
name = "billiard"
version = "4.2.4"
source = { registry = "https://pypi.org/simple" }
sdist = { url = "https://files.pythonhosted.org/packages/58/23/b12ac0bcdfb7360d664f40a00b1bda139cbbbced012c34e375506dbd0143/billiard-4.2.4.tar.gz", hash = "sha256:55f542c371209e03cd5862299b74e52e4fbcba8250ba611ad94276b369b6a85f", size = 156537, upload-time = "2025-11-30T13:28:48.52Z" }
wheels = [
    { url = "https://files.pythonhosted.org/packages/cb/87/8bab77b323f16d67be364031220069f79159117dd5e43eeb4be2fef1ac9b/billiard-4.2.4-py3-none-any.whl", hash = "sha256:525b42bdec68d2b983347ac312f892db930858495db601b5836ac24e6477cde5", size = 87070, upload-time = "2025-11-30T13:28:47.016Z" },
]

[[package]]
name = "celery"
version = "5.6.2"
source = { registry = "https://pypi.org/simple" }
dependencies = [
    { name = "billiard" },
    { name = "click" },
    { name = "click-didyoumean" },
    { name = "click-plugins" },
    { name = "click-repl" },
    { name = "kombu" },
    { name = "python-dateutil" },
    { name = "tzlocal" },
    { name = "vine" },
]
sdist = { url = "https://files.pythonhosted.org/packages/8f/9d/3d13596519cfa7207a6f9834f4b082554845eb3cd2684b5f8535d50c7c44/celery-5.6.2.tar.gz", hash = "sha256:4a8921c3fcf2ad76317d3b29020772103581ed2454c4c042cc55dcc43585009b", size = 1718802, upload-time = "2026-01-04T12:35:58.012Z" }
wheels = [
    { url = "https://files.pythonhosted.org/packages/dd/bd/9ecd619e456ae4ba73b6583cc313f26152afae13e9a82ac4fe7f8856bfd1/celery-5.6.2-py3-none-any.whl", hash = "sha256:3ffafacbe056951b629c7abcf9064c4a2366de0bdfc9fdba421b97ebb68619a5", size = 445502, upload-time = "2026-01-04T12:35:55.894Z" },
]

[[package]]
name = "click"
version = "8.3.1"
source = { registry = "https://pypi.org/simple" }
dependencies = [
    { name = "colorama", marker = "sys_platform == 'win32'" },
]
sdist = { url = "https://files.pythonhosted.org/packages/3d/fa/656b739db8587d7b5dfa22e22ed02566950fbfbcdc20311993483657a5c0/click-8.3.1.tar.gz", hash = "sha256:12ff4785d337a1bb490bb7e9c2b1ee5da3112e94a8622f26a6c77f5d2fc6842a", size = 295065, upload-time = "2025-11-15T20:45:42.706Z" }
wheels = [
    { url = "https://files.pythonhosted.org/packages/98/78/01c019cdb5d6498122777c1a43056ebb3ebfeef2076d9d026bfe15583b2b/click-8.3.1-py3-none-any.whl", hash = "sha256:981153a64e25f12d547d3426c367a4857371575ee7ad18df2a6183ab0545b2a6", size = 108274, upload-time = "2025-11-15T20:45:41.139Z" },
]

[[package]]
name = "click-didyoumean"
version = "0.3.1"
source = { registry = "https://pypi.org/simple" }
dependencies = [
    { name = "click" },
]
sdist = { url = "https://files.pythonhosted.org/packages/30/ce/217289b77c590ea1e7c24242d9ddd6e249e52c795ff10fac2c50062c48cb/click_didyoumean-0.3.1.tar.gz", hash = "sha256:4f82fdff0dbe64ef8ab2279bd6aa3f6a99c3b28c05aa09cbfc07c9d7fbb5a463", size = 3089, upload-time = "2024-03-24T08:22:07.499Z" }
wheels = [
    { url = "https://files.pythonhosted.org/packages/1b/5b/974430b5ffdb7a4f1941d13d83c64a0395114503cc357c6b9ae4ce5047ed/click_didyoumean-0.3.1-py3-none-any.whl", hash = "sha256:5c4bb6007cfea5f2fd6583a2fb6701a22a41eb98957e63d0fac41c10e7c3117c", size = 3631, upload-time = "2024-03-24T08:22:06.356Z" },
]

[[package]]
name = "click-plugins"
version = "1.1.1.2"
source = { registry = "https://pypi.org/simple" }
dependencies = [
    { name = "click" },
]
sdist = { url = "https://files.pythonhosted.org/packages/c3/a4/34847b59150da33690a36da3681d6bbc2ec14ee9a846bc30a6746e5984e4/click_plugins-1.1.1.2.tar.gz", hash = "sha256:d7af3984a99d243c131aa1a828331e7630f4a88a9741fd05c927b204bcf92261", size = 8343, upload-time = "2025-06-25T00:47:37.555Z" }
wheels = [
    { url = "https://files.pythonhosted.org/packages/3d/9a/2abecb28ae875e39c8cad711eb1186d8d14eab564705325e77e4e6ab9ae5/click_plugins-1.1.1.2-py2.py3-none-any.whl", hash = "sha256:008d65743833ffc1f5417bf0e78e8d2c23aab04d9745ba817bd3e71b0feb6aa6", size = 11051, upload-time = "2025-06-25T00:47:36.731Z" },
]

[[package]]
name = "click-repl"
version = "0.3.0"
source = { registry = "https://pypi.org/simple" }
dependencies = [
    { name = "click" },
    { name = "prompt-toolkit" },
]
sdist = { url = "https://files.pythonhosted.org/packages/cb/a2/57f4ac79838cfae6912f997b4d1a64a858fb0c86d7fcaae6f7b58d267fca/click-repl-0.3.0.tar.gz", hash = "sha256:17849c23dba3d667247dc4defe1757fff98694e90fe37474f3feebb69ced26a9", size = 10449, upload-time = "2023-06-15T12:43:51.141Z" }
wheels = [
    { url = "https://files.pythonhosted.org/packages/52/40/9d857001228658f0d59e97ebd4c346fe73e138c6de1bce61dc568a57c7f8/click_repl-0.3.0-py3-none-any.whl", hash = "sha256:fb7e06deb8da8de86180a33a9da97ac316751c094c6899382da7feeeeb51b812", size = 10289, upload-time = "2023-06-15T12:43:48.626Z" },
]

[[package]]
name = "colorama"
version = "0.4.6"
source = { registry = "https://pypi.org/simple" }
sdist = { url = "https://files.pythonhosted.org/packages/d8/53/6f443c9a4a8358a93a6792e2acffb9d9d5cb0a5cfd8802644b7b1c9a02e4/colorama-0.4.6.tar.gz", hash = "sha256:08695f5cb7ed6e0531a20572697297273c47b8cae5a63ffc6d6ed5c201be6e44", size = 27697, upload-time = "2022-10-25T02:36:22.414Z" }
wheels = [
    { url = "https://files.pythonhosted.org/packages/d1/d6/3965ed04c63042e047cb6a3e6ed1a63a35087b6a609aa3a15ed8ac56c221/colorama-0.4.6-py2.py3-none-any.whl", hash = "sha256:4f1d9991f5acc0ca119f9d443620b77f9d6b33703e51011c16baf57afb285fc6", size = 25335, upload-time = "2022-10-25T02:36:20.889Z" },
]

[[package]]
name = "cron-descriptor"
version = "1.4.5"
source = { registry = "https://pypi.org/simple" }
sdist = { url = "https://files.pythonhosted.org/packages/02/83/70bd410dc6965e33a5460b7da84cf0c5a7330a68d6d5d4c3dfdb72ca117e/cron_descriptor-1.4.5.tar.gz", hash = "sha256:f51ce4ffc1d1f2816939add8524f206c376a42c87a5fca3091ce26725b3b1bca", size = 30666, upload-time = "2024-08-24T18:16:48.654Z" }
wheels = [
    { url = "https://files.pythonhosted.org/packages/88/20/2cfe598ead23a715a00beb716477cfddd3e5948cf203c372d02221e5b0c6/cron_descriptor-1.4.5-py3-none-any.whl", hash = "sha256:736b3ae9d1a99bc3dbfc5b55b5e6e7c12031e7ba5de716625772f8b02dcd6013", size = 50370, upload-time = "2024-08-24T18:16:46.783Z" },
]

[[package]]
name = "django"
version = "6.0.1"
source = { registry = "https://pypi.org/simple" }
dependencies = [
    { name = "asgiref" },
    { name = "sqlparse" },
    { name = "tzdata", marker = "sys_platform == 'win32'" },
]
sdist = { url = "https://files.pythonhosted.org/packages/b5/9b/016f7e55e855ee738a352b05139d4f8b278d0b451bd01ebef07456ef3b0e/django-6.0.1.tar.gz", hash = "sha256:ed76a7af4da21551573b3d9dfc1f53e20dd2e6c7d70a3adc93eedb6338130a5f", size = 11069565, upload-time = "2026-01-06T18:55:53.069Z" }
wheels = [
    { url = "https://files.pythonhosted.org/packages/95/b5/814ed98bd21235c116fd3436a7ed44d47560329a6d694ec8aac2982dbb93/django-6.0.1-py3-none-any.whl", hash = "sha256:a92a4ff14f664a896f9849009cb8afaca7abe0d6fc53325f3d1895a15253433d", size = 8338791, upload-time = "2026-01-06T18:55:46.175Z" },
]

[[package]]
name = "django-celery-beat"
version = "2.8.1"
source = { git = "https://github.com/celery/django-celery-beat?rev=bd429063cbb227c00905e7693c38895e44ff8e47#bd429063cbb227c00905e7693c38895e44ff8e47" }
dependencies = [
    { name = "celery" },
    { name = "cron-descriptor" },
    { name = "django" },
    { name = "django-timezone-field" },
    { name = "python-crontab" },
    { name = "tzdata" },
]

[[package]]
name = "django-timezone-field"
version = "7.2.1"
source = { registry = "https://pypi.org/simple" }
dependencies = [
    { name = "django" },
]
sdist = { url = "https://files.pythonhosted.org/packages/da/05/9b93a66452cdb8a08ab26f08d5766d2332673e659a8b2aeb73f2a904d421/django_timezone_field-7.2.1.tar.gz", hash = "sha256:def846f9e7200b7b8f2a28fcce2b78fb2d470f6a9f272b07c4e014f6ba4c6d2e", size = 13096, upload-time = "2025-12-06T23:50:44.591Z" }
wheels = [
    { url = "https://files.pythonhosted.org/packages/41/7f/d885667401515b467f84569c56075bc9add72c9fd425fca51a25f4c997e1/django_timezone_field-7.2.1-py3-none-any.whl", hash = "sha256:276915b72c5816f57c3baf9e43f816c695ef940d1b21f91ebf6203c09bf4ad44", size = 13284, upload-time = "2025-12-06T23:50:43.302Z" },
]

[[package]]
name = "gunicorn"
version = "23.0.0"
source = { registry = "https://pypi.org/simple" }
dependencies = [
    { name = "packaging" },
]
sdist = { url = "https://files.pythonhosted.org/packages/34/72/9614c465dc206155d93eff0ca20d42e1e35afc533971379482de953521a4/gunicorn-23.0.0.tar.gz", hash = "sha256:f014447a0101dc57e294f6c18ca6b40227a4c90e9bdb586042628030cba004ec", size = 375031, upload-time = "2024-08-10T20:25:27.378Z" }
wheels = [
    { url = "https://files.pythonhosted.org/packages/cb/7d/6dac2a6e1eba33ee43f318edbed4ff29151a49b5d37f080aad1e6469bca4/gunicorn-23.0.0-py3-none-any.whl", hash = "sha256:ec400d38950de4dfd418cff8328b2c8faed0edb0d517d3394e457c317908ca4d", size = 85029, upload-time = "2024-08-10T20:25:24.996Z" },
]

[[package]]
name = "iniconfig"
version = "2.3.0"
source = { registry = "https://pypi.org/simple" }
sdist = { url = "https://files.pythonhosted.org/packages/72/34/14ca021ce8e5dfedc35312d08ba8bf51fdd999c576889fc2c24cb97f4f10/iniconfig-2.3.0.tar.gz", hash = "sha256:c76315c77db068650d49c5b56314774a7804df16fee4402c1f19d6d15d8c4730", size = 20503, upload-time = "2025-10-18T21:55:43.219Z" }
wheels = [
    { url = "https://files.pythonhosted.org/packages/cb/b1/3846dd7f199d53cb17f49cba7e651e9ce294d8497c8c150530ed11865bb8/iniconfig-2.3.0-py3-none-any.whl", hash = "sha256:f631c04d2c48c52b84d0d0549c99ff3859c98df65b3101406327ecc7d53fbf12", size = 7484, upload-time = "2025-10-18T21:55:41.639Z" },
]

[[package]]
name = "kombu"
version = "5.6.2"
source = { registry = "https://pypi.org/simple" }
dependencies = [
    { name = "amqp" },
    { name = "packaging" },
    { name = "tzdata" },
    { name = "vine" },
]
sdist = { url = "https://files.pythonhosted.org/packages/b6/a5/607e533ed6c83ae1a696969b8e1c137dfebd5759a2e9682e26ff1b97740b/kombu-5.6.2.tar.gz", hash = "sha256:8060497058066c6f5aed7c26d7cd0d3b574990b09de842a8c5aaed0b92cc5a55", size = 472594, upload-time = "2025-12-29T20:30:07.779Z" }
wheels = [
    { url = "https://files.pythonhosted.org/packages/fb/0f/834427d8c03ff1d7e867d3db3d176470c64871753252b21b4f4897d1fa45/kombu-5.6.2-py3-none-any.whl", hash = "sha256:efcfc559da324d41d61ca311b0c64965ea35b4c55cc04ee36e55386145dace93", size = 214219, upload-time = "2025-12-29T20:30:05.74Z" },
]

[[package]]
name = "packaging"
version = "25.0"
source = { registry = "https://pypi.org/simple" }
sdist = { url = "https://files.pythonhosted.org/packages/a1/d4/1fc4078c65507b51b96ca8f8c3ba19e6a61c8253c72794544580a7b6c24d/packaging-25.0.tar.gz", hash = "sha256:d443872c98d677bf60f6a1f2f8c1cb748e8fe762d2bf9d3148b5599295b0fc4f", size = 165727, upload-time = "2025-04-19T11:48:59.673Z" }
wheels = [
    { url = "https://files.pythonhosted.org/packages/20/12/38679034af332785aac8774540895e234f4d07f7545804097de4b666afd8/packaging-25.0-py3-none-any.whl", hash = "sha256:29572ef2b1f17581046b3a2227d5c611fb25ec70ca1ba8554b24b0e69331a484", size = 66469, upload-time = "2025-04-19T11:48:57.875Z" },
]

[[package]]
name = "pluggy"
version = "1.6.0"
source = { registry = "https://pypi.org/simple" }
sdist = { url = "https://files.pythonhosted.org/packages/f9/e2/3e91f31a7d2b083fe6ef3fa267035b518369d9511ffab804f839851d2779/pluggy-1.6.0.tar.gz", hash = "sha256:7dcc130b76258d33b90f61b658791dede3486c3e6bfb003ee5c9bfb396dd22f3", size = 69412, upload-time = "2025-05-15T12:30:07.975Z" }
wheels = [
    { url = "https://files.pythonhosted.org/packages/54/20/4d324d65cc6d9205fabedc306948156824eb9f0ee1633355a8f7ec5c66bf/pluggy-1.6.0-py3-none-any.whl", hash = "sha256:e920276dd6813095e9377c0bc5566d94c932c33b27a3e3945d8389c374dd4746", size = 20538, upload-time = "2025-05-15T12:30:06.134Z" },
]

[[package]]
name = "prompt-toolkit"
version = "3.0.52"
source = { registry = "https://pypi.org/simple" }
dependencies = [
    { name = "wcwidth" },
]
sdist = { url = "https://files.pythonhosted.org/packages/a1/96/06e01a7b38dce6fe1db213e061a4602dd6032a8a97ef6c1a862537732421/prompt_toolkit-3.0.52.tar.gz", hash = "sha256:28cde192929c8e7321de85de1ddbe736f1375148b02f2e17edd840042b1be855", size = 434198, upload-time = "2025-08-27T15:24:02.057Z" }
wheels = [
    { url = "https://files.pythonhosted.org/packages/84/03/0d3ce49e2505ae70cf43bc5bb3033955d2fc9f932163e84dc0779cc47f48/prompt_toolkit-3.0.52-py3-none-any.whl", hash = "sha256:9aac639a3bbd33284347de5ad8d68ecc044b91a762dc39b7c21095fcd6a19955", size = 391431, upload-time = "2025-08-27T15:23:59.498Z" },
]

[[package]]
name = "psycopg"
version = "3.3.2"
source = { registry = "https://pypi.org/simple" }
dependencies = [
    { name = "tzdata", marker = "sys_platform == 'win32'" },
]
sdist = { url = "https://files.pythonhosted.org/packages/e0/1a/7d9ef4fdc13ef7f15b934c393edc97a35c281bb7d3c3329fbfcbe915a7c2/psycopg-3.3.2.tar.gz", hash = "sha256:707a67975ee214d200511177a6a80e56e654754c9afca06a7194ea6bbfde9ca7", size = 165630, upload-time = "2025-12-06T17:34:53.899Z" }
wheels = [
    { url = "https://files.pythonhosted.org/packages/8c/51/2779ccdf9305981a06b21a6b27e8547c948d85c41c76ff434192784a4c93/psycopg-3.3.2-py3-none-any.whl", hash = "sha256:3e94bc5f4690247d734599af56e51bae8e0db8e4311ea413f801fef82b14a99b", size = 212774, upload-time = "2025-12-06T17:31:41.414Z" },
]

[package.optional-dependencies]
binary = [
    { name = "psycopg-binary", marker = "implementation_name != 'pypy'" },
]
pool = [
    { name = "psycopg-pool" },
]

[[package]]
name = "psycopg-binary"
version = "3.3.2"
source = { registry = "https://pypi.org/simple" }
wheels = [
    { url = "https://files.pythonhosted.org/packages/14/73/7ca7cb22b9ac7393fb5de7d28ca97e8347c375c8498b3bff2c99c1f38038/psycopg_binary-3.3.2-cp313-cp313-macosx_10_13_x86_64.whl", hash = "sha256:fc5a189e89cbfff174588665bb18d28d2d0428366cc9dae5864afcaa2e57380b", size = 4579068, upload-time = "2025-12-06T17:33:39.303Z" },
    { url = "https://files.pythonhosted.org/packages/f5/42/0cf38ff6c62c792fc5b55398a853a77663210ebd51ed6f0c4a05b06f95a6/psycopg_binary-3.3.2-cp313-cp313-macosx_11_0_arm64.whl", hash = "sha256:083c2e182be433f290dc2c516fd72b9b47054fcd305cce791e0a50d9e93e06f2", size = 4657520, upload-time = "2025-12-06T17:33:42.536Z" },
    { url = "https://files.pythonhosted.org/packages/3b/60/df846bc84cbf2231e01b0fff48b09841fe486fa177665e50f4995b1bfa44/psycopg_binary-3.3.2-cp313-cp313-manylinux2014_ppc64le.manylinux_2_17_ppc64le.whl", hash = "sha256:ac230e3643d1c436a2dfb59ca84357dfc6862c9f372fc5dbd96bafecae581f9f", size = 5452086, upload-time = "2025-12-06T17:33:46.54Z" },
    { url = "https://files.pythonhosted.org/packages/ab/85/30c846a00db86b1b53fd5bfd4b4edfbd0c00de8f2c75dd105610bd7568fc/psycopg_binary-3.3.2-cp313-cp313-manylinux2014_x86_64.manylinux_2_17_x86_64.whl", hash = "sha256:d8c899a540f6c7585cee53cddc929dd4d2db90fd828e37f5d4017b63acbc1a5d", size = 5131125, upload-time = "2025-12-06T17:33:50.413Z" },
    { url = "https://files.pythonhosted.org/packages/6d/15/9968732013373f36f8a2a3fb76104dffc8efd9db78709caa5ae1a87b1f80/psycopg_binary-3.3.2-cp313-cp313-manylinux_2_27_aarch64.manylinux_2_28_aarch64.whl", hash = "sha256:50ff10ab8c0abdb5a5451b9315538865b50ba64c907742a1385fdf5f5772b73e", size = 6722914, upload-time = "2025-12-06T17:33:54.544Z" },
    { url = "https://files.pythonhosted.org/packages/b2/ba/29e361fe02143ac5ff5a1ca3e45697344cfbebe2eaf8c4e7eec164bff9a0/psycopg_binary-3.3.2-cp313-cp313-manylinux_2_38_riscv64.manylinux_2_39_riscv64.whl", hash = "sha256:23d2594af848c1fd3d874a9364bef50730124e72df7bb145a20cb45e728c50ed", size = 4966081, upload-time = "2025-12-06T17:33:58.477Z" },
    { url = "https://files.pythonhosted.org/packages/99/45/1be90c8f1a1a237046903e91202fb06708745c179f220b361d6333ed7641/psycopg_binary-3.3.2-cp313-cp313-musllinux_1_2_aarch64.whl", hash = "sha256:ea4fe6b4ead3bbbe27244ea224fcd1f53cb119afc38b71a2f3ce570149a03e30", size = 4493332, upload-time = "2025-12-06T17:34:02.011Z" },
    { url = "https://files.pythonhosted.org/packages/2e/b5/bbdc07d5f0a5e90c617abd624368182aa131485e18038b2c6c85fc054aed/psycopg_binary-3.3.2-cp313-cp313-musllinux_1_2_ppc64le.whl", hash = "sha256:742ce48cde825b8e52fb1a658253d6d1ff66d152081cbc76aa45e2986534858d", size = 4170781, upload-time = "2025-12-06T17:34:05.298Z" },
    { url = "https://files.pythonhosted.org/packages/d1/2a/0d45e4f4da2bd78c3237ffa03475ef3751f69a81919c54a6e610eb1a7c96/psycopg_binary-3.3.2-cp313-cp313-musllinux_1_2_riscv64.whl", hash = "sha256:e22bf6b54df994aff37ab52695d635f1ef73155e781eee1f5fa75bc08b58c8da", size = 3910544, upload-time = "2025-12-06T17:34:08.251Z" },
    { url = "https://files.pythonhosted.org/packages/3a/62/a8e0f092f4dbef9a94b032fb71e214cf0a375010692fbe7493a766339e47/psycopg_binary-3.3.2-cp313-cp313-musllinux_1_2_x86_64.whl", hash = "sha256:8db9034cde3bcdafc66980f0130813f5c5d19e74b3f2a19fb3cfbc25ad113121", size = 4220070, upload-time = "2025-12-06T17:34:11.392Z" },
    { url = "https://files.pythonhosted.org/packages/09/e6/5fc8d8aff8afa114bb4a94a0341b9309311e8bf3ab32d816032f8b984d4e/psycopg_binary-3.3.2-cp313-cp313-win_amd64.whl", hash = "sha256:df65174c7cf6b05ea273ce955927d3270b3a6e27b0b12762b009ce6082b8d3fc", size = 3540922, upload-time = "2025-12-06T17:34:14.88Z" },
    { url = "https://files.pythonhosted.org/packages/bd/75/ad18c0b97b852aba286d06befb398cc6d383e9dfd0a518369af275a5a526/psycopg_binary-3.3.2-cp314-cp314-macosx_10_15_x86_64.whl", hash = "sha256:9ca24062cd9b2270e4d77576042e9cc2b1d543f09da5aba1f1a3d016cea28390", size = 4596371, upload-time = "2025-12-06T17:34:18.007Z" },
    { url = "https://files.pythonhosted.org/packages/5a/79/91649d94c8d89f84af5da7c9d474bfba35b08eb8f492ca3422b08f0a6427/psycopg_binary-3.3.2-cp314-cp314-macosx_11_0_arm64.whl", hash = "sha256:c749770da0947bc972e512f35366dd4950c0e34afad89e60b9787a37e97cb443", size = 4675139, upload-time = "2025-12-06T17:34:21.374Z" },
    { url = "https://files.pythonhosted.org/packages/56/ac/b26e004880f054549ec9396594e1ffe435810b0673e428e619ed722e4244/psycopg_binary-3.3.2-cp314-cp314-manylinux2014_ppc64le.manylinux_2_17_ppc64le.whl", hash = "sha256:03b7cd73fb8c45d272a34ae7249713e32492891492681e3cf11dff9531cf37e9", size = 5456120, upload-time = "2025-12-06T17:34:25.102Z" },
    { url = "https://files.pythonhosted.org/packages/4b/8d/410681dccd6f2999fb115cc248521ec50dd2b0aba66ae8de7e81efdebbee/psycopg_binary-3.3.2-cp314-cp314-manylinux2014_x86_64.manylinux_2_17_x86_64.whl", hash = "sha256:43b130e3b6edcb5ee856c7167ccb8561b473308c870ed83978ae478613764f1c", size = 5133484, upload-time = "2025-12-06T17:34:28.933Z" },
    { url = "https://files.pythonhosted.org/packages/66/30/ebbab99ea2cfa099d7b11b742ce13415d44f800555bfa4ad2911dc645b71/psycopg_binary-3.3.2-cp314-cp314-manylinux_2_27_aarch64.manylinux_2_28_aarch64.whl", hash = "sha256:7c1feba5a8c617922321aef945865334e468337b8fc5c73074f5e63143013b5a", size = 6731818, upload-time = "2025-12-06T17:34:33.094Z" },
    { url = "https://files.pythonhosted.org/packages/70/02/d260646253b7ad805d60e0de47f9b811d6544078452579466a098598b6f4/psycopg_binary-3.3.2-cp314-cp314-manylinux_2_38_riscv64.manylinux_2_39_riscv64.whl", hash = "sha256:cabb2a554d9a0a6bf84037d86ca91782f087dfff2a61298d0b00c19c0bc43f6d", size = 4983859, upload-time = "2025-12-06T17:34:36.457Z" },
    { url = "https://files.pythonhosted.org/packages/72/8d/e778d7bad1a7910aa36281f092bd85c5702f508fd9bb0ea2020ffbb6585c/psycopg_binary-3.3.2-cp314-cp314-musllinux_1_2_aarch64.whl", hash = "sha256:74bc306c4b4df35b09bc8cecf806b271e1c5d708f7900145e4e54a2e5dedfed0", size = 4516388, upload-time = "2025-12-06T17:34:40.129Z" },
    { url = "https://files.pythonhosted.org/packages/bd/f1/64e82098722e2ab3521797584caf515284be09c1e08a872551b6edbb0074/psycopg_binary-3.3.2-cp314-cp314-musllinux_1_2_ppc64le.whl", hash = "sha256:d79b0093f0fbf7a962d6a46ae292dc056c65d16a8ee9361f3cfbafd4c197ab14", size = 4192382, upload-time = "2025-12-06T17:34:43.279Z" },
    { url = "https://files.pythonhosted.org/packages/fa/d0/c20f4e668e89494972e551c31be2a0016e3f50d552d7ae9ac07086407599/psycopg_binary-3.3.2-cp314-cp314-musllinux_1_2_riscv64.whl", hash = "sha256:1586e220be05547c77afc326741dd41cc7fba38a81f9931f616ae98865439678", size = 3928660, upload-time = "2025-12-06T17:34:46.757Z" },
    { url = "https://files.pythonhosted.org/packages/0f/e1/99746c171de22539fd5eb1c9ca21dc805b54cfae502d7451d237d1dbc349/psycopg_binary-3.3.2-cp314-cp314-musllinux_1_2_x86_64.whl", hash = "sha256:458696a5fa5dad5b6fb5d5862c22454434ce4fe1cf66ca6c0de5f904cbc1ae3e", size = 4239169, upload-time = "2025-12-06T17:34:49.751Z" },
    { url = "https://files.pythonhosted.org/packages/72/f7/212343c1c9cfac35fd943c527af85e9091d633176e2a407a0797856ff7b9/psycopg_binary-3.3.2-cp314-cp314-win_amd64.whl", hash = "sha256:04bb2de4ba69d6f8395b446ede795e8884c040ec71d01dd07ac2b2d18d4153d1", size = 3642122, upload-time = "2025-12-06T17:34:52.506Z" },
]

[[package]]
name = "psycopg-pool"
version = "3.3.0"
source = { registry = "https://pypi.org/simple" }
dependencies = [
    { name = "typing-extensions" },
]
sdist = { url = "https://files.pythonhosted.org/packages/56/9a/9470d013d0d50af0da9c4251614aeb3c1823635cab3edc211e3839db0bcf/psycopg_pool-3.3.0.tar.gz", hash = "sha256:fa115eb2860bd88fce1717d75611f41490dec6135efb619611142b24da3f6db5", size = 31606, upload-time = "2025-12-01T11:34:33.11Z" }
wheels = [
    { url = "https://files.pythonhosted.org/packages/e7/c3/26b8a0908a9db249de3b4169692e1c7c19048a9bc41a4d3209cee7dbb758/psycopg_pool-3.3.0-py3-none-any.whl", hash = "sha256:2e44329155c410b5e8666372db44276a8b1ebd8c90f1c3026ebba40d4bc81063", size = 39995, upload-time = "2025-12-01T11:34:29.761Z" },
]

[[package]]
name = "pygments"
version = "2.19.2"
source = { registry = "https://pypi.org/simple" }
sdist = { url = "https://files.pythonhosted.org/packages/b0/77/a5b8c569bf593b0140bde72ea885a803b82086995367bf2037de0159d924/pygments-2.19.2.tar.gz", hash = "sha256:636cb2477cec7f8952536970bc533bc43743542f70392ae026374600add5b887", size = 4968631, upload-time = "2025-06-21T13:39:12.283Z" }
wheels = [
    { url = "https://files.pythonhosted.org/packages/c7/21/705964c7812476f378728bdf590ca4b771ec72385c533964653c68e86bdc/pygments-2.19.2-py3-none-any.whl", hash = "sha256:86540386c03d588bb81d44bc3928634ff26449851e99741617ecb9037ee5ec0b", size = 1225217, upload-time = "2025-06-21T13:39:07.939Z" },
]

[[package]]
name = "pytest"
version = "9.0.2"
source = { registry = "https://pypi.org/simple" }
dependencies = [
    { name = "colorama", marker = "sys_platform == 'win32'" },
    { name = "iniconfig" },
    { name = "packaging" },
    { name = "pluggy" },
    { name = "pygments" },
]
sdist = { url = "https://files.pythonhosted.org/packages/d1/db/7ef3487e0fb0049ddb5ce41d3a49c235bf9ad299b6a25d5780a89f19230f/pytest-9.0.2.tar.gz", hash = "sha256:75186651a92bd89611d1d9fc20f0b4345fd827c41ccd5c299a868a05d70edf11", size = 1568901, upload-time = "2025-12-06T21:30:51.014Z" }
wheels = [
    { url = "https://files.pythonhosted.org/packages/3b/ab/b3226f0bd7cdcf710fbede2b3548584366da3b19b5021e74f5bde2a8fa3f/pytest-9.0.2-py3-none-any.whl", hash = "sha256:711ffd45bf766d5264d487b917733b453d917afd2b0ad65223959f59089f875b", size = 374801, upload-time = "2025-12-06T21:30:49.154Z" },
]

[[package]]
name = "pytest-django"
version = "4.11.1"
source = { registry = "https://pypi.org/simple" }
dependencies = [
    { name = "pytest" },
]
sdist = { url = "https://files.pythonhosted.org/packages/b1/fb/55d580352db26eb3d59ad50c64321ddfe228d3d8ac107db05387a2fadf3a/pytest_django-4.11.1.tar.gz", hash = "sha256:a949141a1ee103cb0e7a20f1451d355f83f5e4a5d07bdd4dcfdd1fd0ff227991", size = 86202, upload-time = "2025-04-03T18:56:09.338Z" }
wheels = [
    { url = "https://files.pythonhosted.org/packages/be/ac/bd0608d229ec808e51a21044f3f2f27b9a37e7a0ebaca7247882e67876af/pytest_django-4.11.1-py3-none-any.whl", hash = "sha256:1b63773f648aa3d8541000c26929c1ea63934be1cfa674c76436966d73fe6a10", size = 25281, upload-time = "2025-04-03T18:56:07.678Z" },
]

[[package]]
name = "python-crontab"
version = "3.3.0"
source = { registry = "https://pypi.org/simple" }
sdist = { url = "https://files.pythonhosted.org/packages/99/7f/c54fb7e70b59844526aa4ae321e927a167678660ab51dda979955eafb89a/python_crontab-3.3.0.tar.gz", hash = "sha256:007c8aee68dddf3e04ec4dce0fac124b93bd68be7470fc95d2a9617a15de291b", size = 57626, upload-time = "2025-07-13T20:05:35.535Z" }
wheels = [
    { url = "https://files.pythonhosted.org/packages/47/42/bb4afa5b088f64092036221843fc989b7db9d9d302494c1f8b024ee78a46/python_crontab-3.3.0-py3-none-any.whl", hash = "sha256:739a778b1a771379b75654e53fd4df58e5c63a9279a63b5dfe44c0fcc3ee7884", size = 27533, upload-time = "2025-07-13T20:05:34.266Z" },
]

[[package]]
name = "python-dateutil"
version = "2.9.0.post0"
source = { registry = "https://pypi.org/simple" }
dependencies = [
    { name = "six" },
]
sdist = { url = "https://files.pythonhosted.org/packages/66/c0/0c8b6ad9f17a802ee498c46e004a0eb49bc148f2fd230864601a86dcf6db/python-dateutil-2.9.0.post0.tar.gz", hash = "sha256:37dd54208da7e1cd875388217d5e00ebd4179249f90fb72437e91a35459a0ad3", size = 342432, upload-time = "2024-03-01T18:36:20.211Z" }
wheels = [
    { url = "https://files.pythonhosted.org/packages/ec/57/56b9bcc3c9c6a792fcbaf139543cee77261f3651ca9da0c93f5c1221264b/python_dateutil-2.9.0.post0-py2.py3-none-any.whl", hash = "sha256:a8b2bc7bffae282281c8140a97d3aa9c14da0b136dfe83f850eea9a5f7470427", size = 229892, upload-time = "2024-03-01T18:36:18.57Z" },
]

[[package]]
name = "python-dotenv"
version = "1.2.1"
source = { registry = "https://pypi.org/simple" }
sdist = { url = "https://files.pythonhosted.org/packages/f0/26/19cadc79a718c5edbec86fd4919a6b6d3f681039a2f6d66d14be94e75fb9/python_dotenv-1.2.1.tar.gz", hash = "sha256:42667e897e16ab0d66954af0e60a9caa94f0fd4ecf3aaf6d2d260eec1aa36ad6", size = 44221, upload-time = "2025-10-26T15:12:10.434Z" }
wheels = [
    { url = "https://files.pythonhosted.org/packages/14/1b/a298b06749107c305e1fe0f814c6c74aea7b2f1e10989cb30f544a1b3253/python_dotenv-1.2.1-py3-none-any.whl", hash = "sha256:b81ee9561e9ca4004139c6cbba3a238c32b03e4894671e181b671e8cb8425d61", size = 21230, upload-time = "2025-10-26T15:12:09.109Z" },
]

[[package]]
name = "rapidfuzz"
version = "3.14.3"
source = { registry = "https://pypi.org/simple" }
sdist = { url = "https://files.pythonhosted.org/packages/d3/28/9d808fe62375b9aab5ba92fa9b29371297b067c2790b2d7cda648b1e2f8d/rapidfuzz-3.14.3.tar.gz", hash = "sha256:2491937177868bc4b1e469087601d53f925e8d270ccc21e07404b4b5814b7b5f", size = 57863900, upload-time = "2025-11-01T11:54:52.321Z" }
wheels = [
    { url = "https://files.pythonhosted.org/packages/e4/4f/0d94d09646853bd26978cb3a7541b6233c5760687777fa97da8de0d9a6ac/rapidfuzz-3.14.3-cp313-cp313-macosx_10_13_x86_64.whl", hash = "sha256:dbcb726064b12f356bf10fffdb6db4b6dce5390b23627c08652b3f6e49aa56ae", size = 1939646, upload-time = "2025-11-01T11:53:25.292Z" },
    { url = "https://files.pythonhosted.org/packages/b6/eb/f96aefc00f3bbdbab9c0657363ea8437a207d7545ac1c3789673e05d80bd/rapidfuzz-3.14.3-cp313-cp313-macosx_11_0_arm64.whl", hash = "sha256:1704fc70d214294e554a2421b473779bcdeef715881c5e927dc0f11e1692a0ff", size = 1385512, upload-time = "2025-11-01T11:53:27.594Z" },
    { url = "https://files.pythonhosted.org/packages/26/34/71c4f7749c12ee223dba90017a5947e8f03731a7cc9f489b662a8e9e643d/rapidfuzz-3.14.3-cp313-cp313-manylinux_2_26_aarch64.manylinux_2_28_aarch64.whl", hash = "sha256:cc65e72790ddfd310c2c8912b45106e3800fefe160b0c2ef4d6b6fec4e826457", size = 1373571, upload-time = "2025-11-01T11:53:29.096Z" },
    { url = "https://files.pythonhosted.org/packages/32/00/ec8597a64f2be301ce1ee3290d067f49f6a7afb226b67d5f15b56d772ba5/rapidfuzz-3.14.3-cp313-cp313-manylinux_2_27_x86_64.manylinux_2_28_x86_64.whl", hash = "sha256:43e38c1305cffae8472572a0584d4ffc2f130865586a81038ca3965301f7c97c", size = 3156759, upload-time = "2025-11-01T11:53:30.777Z" },
    { url = "https://files.pythonhosted.org/packages/61/d5/b41eeb4930501cc899d5a9a7b5c9a33d85a670200d7e81658626dcc0ecc0/rapidfuzz-3.14.3-cp313-cp313-manylinux_2_31_armv7l.whl", hash = "sha256:e195a77d06c03c98b3fc06b8a28576ba824392ce40de8c708f96ce04849a052e", size = 1222067, upload-time = "2025-11-01T11:53:32.334Z" },
    { url = "https://files.pythonhosted.org/packages/2a/7d/6d9abb4ffd1027c6ed837b425834f3bed8344472eb3a503ab55b3407c721/rapidfuzz-3.14.3-cp313-cp313-musllinux_1_2_aarch64.whl", hash = "sha256:1b7ef2f4b8583a744338a18f12c69693c194fb6777c0e9ada98cd4d9e8f09d10", size = 2394775, upload-time = "2025-11-01T11:53:34.24Z" },
    { url = "https://files.pythonhosted.org/packages/15/ce/4f3ab4c401c5a55364da1ffff8cc879fc97b4e5f4fa96033827da491a973/rapidfuzz-3.14.3-cp313-cp313-musllinux_1_2_armv7l.whl", hash = "sha256:a2135b138bcdcb4c3742d417f215ac2d8c2b87bde15b0feede231ae95f09ec41", size = 2526123, upload-time = "2025-11-01T11:53:35.779Z" },
    { url = "https://files.pythonhosted.org/packages/c1/4b/54f804975376a328f57293bd817c12c9036171d15cf7292032e3f5820b2d/rapidfuzz-3.14.3-cp313-cp313-musllinux_1_2_x86_64.whl", hash = "sha256:33a325ed0e8e1aa20c3e75f8ab057a7b248fdea7843c2a19ade0008906c14af0", size = 4262874, upload-time = "2025-11-01T11:53:37.866Z" },
    { url = "https://files.pythonhosted.org/packages/e9/b6/958db27d8a29a50ee6edd45d33debd3ce732e7209183a72f57544cd5fe22/rapidfuzz-3.14.3-cp313-cp313-win32.whl", hash = "sha256:8383b6d0d92f6cd008f3c9216535be215a064b2cc890398a678b56e6d280cb63", size = 1707972, upload-time = "2025-11-01T11:53:39.442Z" },
    { url = "https://files.pythonhosted.org/packages/07/75/fde1f334b0cec15b5946d9f84d73250fbfcc73c236b4bc1b25129d90876b/rapidfuzz-3.14.3-cp313-cp313-win_amd64.whl", hash = "sha256:e6b5e3036976f0fde888687d91be86d81f9ac5f7b02e218913c38285b756be6c", size = 1537011, upload-time = "2025-11-01T11:53:40.92Z" },
    { url = "https://files.pythonhosted.org/packages/2e/d7/d83fe001ce599dc7ead57ba1debf923dc961b6bdce522b741e6b8c82f55c/rapidfuzz-3.14.3-cp313-cp313-win_arm64.whl", hash = "sha256:7ba009977601d8b0828bfac9a110b195b3e4e79b350dcfa48c11269a9f1918a0", size = 810744, upload-time = "2025-11-01T11:53:42.723Z" },
    { url = "https://files.pythonhosted.org/packages/92/13/a486369e63ff3c1a58444d16b15c5feb943edd0e6c28a1d7d67cb8946b8f/rapidfuzz-3.14.3-cp313-cp313t-macosx_10_13_x86_64.whl", hash = "sha256:a0a28add871425c2fe94358c6300bbeb0bc2ed828ca003420ac6825408f5a424", size = 1967702, upload-time = "2025-11-01T11:53:44.554Z" },
    { url = "https://files.pythonhosted.org/packages/f1/82/efad25e260b7810f01d6b69122685e355bed78c94a12784bac4e0beb2afb/rapidfuzz-3.14.3-cp313-cp313t-macosx_11_0_arm64.whl", hash = "sha256:010e12e2411a4854b0434f920e72b717c43f8ec48d57e7affe5c42ecfa05dd0e", size = 1410702, upload-time = "2025-11-01T11:53:46.066Z" },
    { url = "https://files.pythonhosted.org/packages/ba/1a/34c977b860cde91082eae4a97ae503f43e0d84d4af301d857679b66f9869/rapidfuzz-3.14.3-cp313-cp313t-manylinux_2_26_aarch64.manylinux_2_28_aarch64.whl", hash = "sha256:5cfc3d57abd83c734d1714ec39c88a34dd69c85474918ebc21296f1e61eb5ca8", size = 1382337, upload-time = "2025-11-01T11:53:47.62Z" },
    { url = "https://files.pythonhosted.org/packages/88/74/f50ea0e24a5880a9159e8fd256b84d8f4634c2f6b4f98028bdd31891d907/rapidfuzz-3.14.3-cp313-cp313t-manylinux_2_27_x86_64.manylinux_2_28_x86_64.whl", hash = "sha256:89acb8cbb52904f763e5ac238083b9fc193bed8d1f03c80568b20e4cef43a519", size = 3165563, upload-time = "2025-11-01T11:53:49.216Z" },
    { url = "https://files.pythonhosted.org/packages/e8/7a/e744359404d7737049c26099423fc54bcbf303de5d870d07d2fb1410f567/rapidfuzz-3.14.3-cp313-cp313t-manylinux_2_31_armv7l.whl", hash = "sha256:7d9af908c2f371bfb9c985bd134e295038e3031e666e4b2ade1e7cb7f5af2f1a", size = 1214727, upload-time = "2025-11-01T11:53:50.883Z" },
    { url = "https://files.pythonhosted.org/packages/d3/2e/87adfe14ce75768ec6c2b8acd0e05e85e84be4be5e3d283cdae360afc4fe/rapidfuzz-3.14.3-cp313-cp313t-musllinux_1_2_aarch64.whl", hash = "sha256:1f1925619627f8798f8c3a391d81071336942e5fe8467bc3c567f982e7ce2897", size = 2403349, upload-time = "2025-11-01T11:53:52.322Z" },
    { url = "https://files.pythonhosted.org/packages/70/17/6c0b2b2bff9c8b12e12624c07aa22e922b0c72a490f180fa9183d1ef2c75/rapidfuzz-3.14.3-cp313-cp313t-musllinux_1_2_armv7l.whl", hash = "sha256:152555187360978119e98ce3e8263d70dd0c40c7541193fc302e9b7125cf8f58", size = 2507596, upload-time = "2025-11-01T11:53:53.835Z" },
    { url = "https://files.pythonhosted.org/packages/c3/d1/87852a7cbe4da7b962174c749a47433881a63a817d04f3e385ea9babcd9e/rapidfuzz-3.14.3-cp313-cp313t-musllinux_1_2_x86_64.whl", hash = "sha256:52619d25a09546b8db078981ca88939d72caa6b8701edd8b22e16482a38e799f", size = 4273595, upload-time = "2025-11-01T11:53:55.961Z" },
    { url = "https://files.pythonhosted.org/packages/c1/ab/1d0354b7d1771a28fa7fe089bc23acec2bdd3756efa2419f463e3ed80e16/rapidfuzz-3.14.3-cp313-cp313t-win32.whl", hash = "sha256:489ce98a895c98cad284f0a47960c3e264c724cb4cfd47a1430fa091c0c25204", size = 1757773, upload-time = "2025-11-01T11:53:57.628Z" },
    { url = "https://files.pythonhosted.org/packages/0b/0c/71ef356adc29e2bdf74cd284317b34a16b80258fa0e7e242dd92cc1e6d10/rapidfuzz-3.14.3-cp313-cp313t-win_amd64.whl", hash = "sha256:656e52b054d5b5c2524169240e50cfa080b04b1c613c5f90a2465e84888d6f15", size = 1576797, upload-time = "2025-11-01T11:53:59.455Z" },
    { url = "https://files.pythonhosted.org/packages/fe/d2/0e64fc27bb08d4304aa3d11154eb5480bcf5d62d60140a7ee984dc07468a/rapidfuzz-3.14.3-cp313-cp313t-win_arm64.whl", hash = "sha256:c7e40c0a0af02ad6e57e89f62bef8604f55a04ecae90b0ceeda591bbf5923317", size = 829940, upload-time = "2025-11-01T11:54:01.1Z" },
    { url = "https://files.pythonhosted.org/packages/32/6f/1b88aaeade83abc5418788f9e6b01efefcd1a69d65ded37d89cd1662be41/rapidfuzz-3.14.3-cp314-cp314-macosx_10_15_x86_64.whl", hash = "sha256:442125473b247227d3f2de807a11da6c08ccf536572d1be943f8e262bae7e4ea", size = 1942086, upload-time = "2025-11-01T11:54:02.592Z" },
    { url = "https://files.pythonhosted.org/packages/a0/2c/b23861347436cb10f46c2bd425489ec462790faaa360a54a7ede5f78de88/rapidfuzz-3.14.3-cp314-cp314-macosx_11_0_arm64.whl", hash = "sha256:1ec0c8c0c3d4f97ced46b2e191e883f8c82dbbf6d5ebc1842366d7eff13cd5a6", size = 1386993, upload-time = "2025-11-01T11:54:04.12Z" },
    { url = "https://files.pythonhosted.org/packages/83/86/5d72e2c060aa1fbdc1f7362d938f6b237dff91f5b9fc5dd7cc297e112250/rapidfuzz-3.14.3-cp314-cp314-manylinux_2_26_aarch64.manylinux_2_28_aarch64.whl", hash = "sha256:2dc37bc20272f388b8c3a4eba4febc6e77e50a8f450c472def4751e7678f55e4", size = 1379126, upload-time = "2025-11-01T11:54:05.777Z" },
    { url = "https://files.pythonhosted.org/packages/c9/bc/ef2cee3e4d8b3fc22705ff519f0d487eecc756abdc7c25d53686689d6cf2/rapidfuzz-3.14.3-cp314-cp314-manylinux_2_27_x86_64.manylinux_2_28_x86_64.whl", hash = "sha256:dee362e7e79bae940a5e2b3f6d09c6554db6a4e301cc68343886c08be99844f1", size = 3159304, upload-time = "2025-11-01T11:54:07.351Z" },
    { url = "https://files.pythonhosted.org/packages/a0/36/dc5f2f62bbc7bc90be1f75eeaf49ed9502094bb19290dfb4747317b17f12/rapidfuzz-3.14.3-cp314-cp314-manylinux_2_31_armv7l.whl", hash = "sha256:4b39921df948388a863f0e267edf2c36302983459b021ab928d4b801cbe6a421", size = 1218207, upload-time = "2025-11-01T11:54:09.641Z" },
    { url = "https://files.pythonhosted.org/packages/df/7e/8f4be75c1bc62f47edf2bbbe2370ee482fae655ebcc4718ac3827ead3904/rapidfuzz-3.14.3-cp314-cp314-musllinux_1_2_aarch64.whl", hash = "sha256:beda6aa9bc44d1d81242e7b291b446be352d3451f8217fcb068fc2933927d53b", size = 2401245, upload-time = "2025-11-01T11:54:11.543Z" },
    { url = "https://files.pythonhosted.org/packages/05/38/f7c92759e1bb188dd05b80d11c630ba59b8d7856657baf454ff56059c2ab/rapidfuzz-3.14.3-cp314-cp314-musllinux_1_2_armv7l.whl", hash = "sha256:6a014ba09657abfcfeed64b7d09407acb29af436d7fc075b23a298a7e4a6b41c", size = 2518308, upload-time = "2025-11-01T11:54:13.134Z" },
    { url = "https://files.pythonhosted.org/packages/c7/ac/85820f70fed5ecb5f1d9a55f1e1e2090ef62985ef41db289b5ac5ec56e28/rapidfuzz-3.14.3-cp314-cp314-musllinux_1_2_x86_64.whl", hash = "sha256:32eeafa3abce138bb725550c0e228fc7eaeec7059aa8093d9cbbec2b58c2371a", size = 4265011, upload-time = "2025-11-01T11:54:15.087Z" },
    { url = "https://files.pythonhosted.org/packages/46/a9/616930721ea9835c918af7cde22bff17f9db3639b0c1a7f96684be7f5630/rapidfuzz-3.14.3-cp314-cp314-win32.whl", hash = "sha256:adb44d996fc610c7da8c5048775b21db60dd63b1548f078e95858c05c86876a3", size = 1742245, upload-time = "2025-11-01T11:54:17.19Z" },
    { url = "https://files.pythonhosted.org/packages/06/8a/f2fa5e9635b1ccafda4accf0e38246003f69982d7c81f2faa150014525a4/rapidfuzz-3.14.3-cp314-cp314-win_amd64.whl", hash = "sha256:f3d15d8527e2b293e38ce6e437631af0708df29eafd7c9fc48210854c94472f9", size = 1584856, upload-time = "2025-11-01T11:54:18.764Z" },
    { url = "https://files.pythonhosted.org/packages/ef/97/09e20663917678a6d60d8e0e29796db175b1165e2079830430342d5298be/rapidfuzz-3.14.3-cp314-cp314-win_arm64.whl", hash = "sha256:576e4b9012a67e0bf54fccb69a7b6c94d4e86a9540a62f1a5144977359133583", size = 833490, upload-time = "2025-11-01T11:54:20.753Z" },
    { url = "https://files.pythonhosted.org/packages/03/1b/6b6084576ba87bf21877c77218a0c97ba98cb285b0c02eaaee3acd7c4513/rapidfuzz-3.14.3-cp314-cp314t-macosx_10_15_x86_64.whl", hash = "sha256:cec3c0da88562727dd5a5a364bd9efeb535400ff0bfb1443156dd139a1dd7b50", size = 1968658, upload-time = "2025-11-01T11:54:22.25Z" },
    { url = "https://files.pythonhosted.org/packages/38/c0/fb02a0db80d95704b0a6469cc394e8c38501abf7e1c0b2afe3261d1510c2/rapidfuzz-3.14.3-cp314-cp314t-macosx_11_0_arm64.whl", hash = "sha256:d1fa009f8b1100e4880868137e7bf0501422898f7674f2adcd85d5a67f041296", size = 1410742, upload-time = "2025-11-01T11:54:23.863Z" },
    { url = "https://files.pythonhosted.org/packages/a4/72/3fbf12819fc6afc8ec75a45204013b40979d068971e535a7f3512b05e765/rapidfuzz-3.14.3-cp314-cp314t-manylinux_2_26_aarch64.manylinux_2_28_aarch64.whl", hash = "sha256:1b86daa7419b5e8b180690efd1fdbac43ff19230803282521c5b5a9c83977655", size = 1382810, upload-time = "2025-11-01T11:54:25.571Z" },
    { url = "https://files.pythonhosted.org/packages/0f/18/0f1991d59bb7eee28922a00f79d83eafa8c7bfb4e8edebf4af2a160e7196/rapidfuzz-3.14.3-cp314-cp314t-manylinux_2_27_x86_64.manylinux_2_28_x86_64.whl", hash = "sha256:c7bd1816db05d6c5ffb3a4df0a2b7b56fb8c81ef584d08e37058afa217da91b1", size = 3166349, upload-time = "2025-11-01T11:54:27.195Z" },
    { url = "https://files.pythonhosted.org/packages/0d/f0/baa958b1989c8f88c78bbb329e969440cf330b5a01a982669986495bb980/rapidfuzz-3.14.3-cp314-cp314t-manylinux_2_31_armv7l.whl", hash = "sha256:33da4bbaf44e9755b0ce192597f3bde7372fe2e381ab305f41b707a95ac57aa7", size = 1214994, upload-time = "2025-11-01T11:54:28.821Z" },
    { url = "https://files.pythonhosted.org/packages/e4/a0/cd12ec71f9b2519a3954febc5740291cceabc64c87bc6433afcb36259f3b/rapidfuzz-3.14.3-cp314-cp314t-musllinux_1_2_aarch64.whl", hash = "sha256:3fecce764cf5a991ee2195a844196da840aba72029b2612f95ac68a8b74946bf", size = 2403919, upload-time = "2025-11-01T11:54:30.393Z" },
    { url = "https://files.pythonhosted.org/packages/0b/ce/019bd2176c1644098eced4f0595cb4b3ef52e4941ac9a5854f209d0a6e16/rapidfuzz-3.14.3-cp314-cp314t-musllinux_1_2_armv7l.whl", hash = "sha256:ecd7453e02cf072258c3a6b8e930230d789d5d46cc849503729f9ce475d0e785", size = 2508346, upload-time = "2025-11-01T11:54:32.048Z" },
    { url = "https://files.pythonhosted.org/packages/23/f8/be16c68e2c9e6c4f23e8f4adbb7bccc9483200087ed28ff76c5312da9b14/rapidfuzz-3.14.3-cp314-cp314t-musllinux_1_2_x86_64.whl", hash = "sha256:ea188aa00e9bcae8c8411f006a5f2f06c4607a02f24eab0d8dc58566aa911f35", size = 4274105, upload-time = "2025-11-01T11:54:33.701Z" },
    { url = "https://files.pythonhosted.org/packages/a1/d1/5ab148e03f7e6ec8cd220ccf7af74d3aaa4de26dd96df58936beb7cba820/rapidfuzz-3.14.3-cp314-cp314t-win32.whl", hash = "sha256:7ccbf68100c170e9a0581accbe9291850936711548c6688ce3bfb897b8c589ad", size = 1793465, upload-time = "2025-11-01T11:54:35.331Z" },
    { url = "https://files.pythonhosted.org/packages/cd/97/433b2d98e97abd9fff1c470a109b311669f44cdec8d0d5aa250aceaed1fb/rapidfuzz-3.14.3-cp314-cp314t-win_amd64.whl", hash = "sha256:9ec02e62ae765a318d6de38df609c57fc6dacc65c0ed1fd489036834fd8a620c", size = 1623491, upload-time = "2025-11-01T11:54:38.085Z" },
    { url = "https://files.pythonhosted.org/packages/e2/f6/e2176eb94f94892441bce3ddc514c179facb65db245e7ce3356965595b19/rapidfuzz-3.14.3-cp314-cp314t-win_arm64.whl", hash = "sha256:e805e52322ae29aa945baf7168b6c898120fbc16d2b8f940b658a5e9e3999253", size = 851487, upload-time = "2025-11-01T11:54:40.176Z" },
]

[[package]]
name = "redis"
version = "7.1.0"
source = { registry = "https://pypi.org/simple" }
sdist = { url = "https://files.pythonhosted.org/packages/43/c8/983d5c6579a411d8a99bc5823cc5712768859b5ce2c8afe1a65b37832c81/redis-7.1.0.tar.gz", hash = "sha256:b1cc3cfa5a2cb9c2ab3ba700864fb0ad75617b41f01352ce5779dabf6d5f9c3c", size = 4796669, upload-time = "2025-11-19T15:54:39.961Z" }
wheels = [
    { url = "https://files.pythonhosted.org/packages/89/f0/8956f8a86b20d7bb9d6ac0187cf4cd54d8065bc9a1a09eb8011d4d326596/redis-7.1.0-py3-none-any.whl", hash = "sha256:23c52b208f92b56103e17c5d06bdc1a6c2c0b3106583985a76a18f83b265de2b", size = 354159, upload-time = "2025-11-19T15:54:38.064Z" },
]

[[package]]
name = "six"
version = "1.17.0"
source = { registry = "https://pypi.org/simple" }
sdist = { url = "https://files.pythonhosted.org/packages/94/e7/b2c673351809dca68a0e064b6af791aa332cf192da575fd474ed7d6f16a2/six-1.17.0.tar.gz", hash = "sha256:ff70335d468e7eb6ec65b95b99d3a2836546063f63acc5171de367e834932a81", size = 34031, upload-time = "2024-12-04T17:35:28.174Z" }
wheels = [
    { url = "https://files.pythonhosted.org/packages/b7/ce/149a00dd41f10bc29e5921b496af8b574d8413afcd5e30dfa0ed46c2cc5e/six-1.17.0-py2.py3-none-any.whl", hash = "sha256:4721f391ed90541fddacab5acf947aa0d3dc7d27b2e1e8eda2be8970586c3274", size = 11050, upload-time = "2024-12-04T17:35:26.475Z" },
]

[[package]]
name = "sqlparse"
version = "0.5.5"
source = { registry = "https://pypi.org/simple" }
sdist = { url = "https://files.pythonhosted.org/packages/90/76/437d71068094df0726366574cf3432a4ed754217b436eb7429415cf2d480/sqlparse-0.5.5.tar.gz", hash = "sha256:e20d4a9b0b8585fdf63b10d30066c7c94c5d7a7ec47c889a2d83a3caa93ff28e", size = 120815, upload-time = "2025-12-19T07:17:45.073Z" }
wheels = [
    { url = "https://files.pythonhosted.org/packages/49/4b/359f28a903c13438ef59ebeee215fb25da53066db67b305c125f1c6d2a25/sqlparse-0.5.5-py3-none-any.whl", hash = "sha256:12a08b3bf3eec877c519589833aed092e2444e68240a3577e8e26148acc7b1ba", size = 46138, upload-time = "2025-12-19T07:17:46.573Z" },
]

[[package]]
name = "typing-extensions"
version = "4.15.0"
source = { registry = "https://pypi.org/simple" }
sdist = { url = "https://files.pythonhosted.org/packages/72/94/1a15dd82efb362ac84269196e94cf00f187f7ed21c242792a923cdb1c61f/typing_extensions-4.15.0.tar.gz", hash = "sha256:0cea48d173cc12fa28ecabc3b837ea3cf6f38c6d1136f85cbaaf598984861466", size = 109391, upload-time = "2025-08-25T13:49:26.313Z" }
wheels = [
    { url = "https://files.pythonhosted.org/packages/18/67/36e9267722cc04a6b9f15c7f3441c2363321a3ea07da7ae0c0707beb2a9c/typing_extensions-4.15.0-py3-none-any.whl", hash = "sha256:f0fa19c6845758ab08074a0cfa8b7aecb71c999ca73d62883bc25cc018c4e548", size = 44614, upload-time = "2025-08-25T13:49:24.86Z" },
]

[[package]]
name = "tzdata"
version = "2025.3"
source = { registry = "https://pypi.org/simple" }
sdist = { url = "https://files.pythonhosted.org/packages/5e/a7/c202b344c5ca7daf398f3b8a477eeb205cf3b6f32e7ec3a6bac0629ca975/tzdata-2025.3.tar.gz", hash = "sha256:de39c2ca5dc7b0344f2eba86f49d614019d29f060fc4ebc8a417896a620b56a7", size = 196772, upload-time = "2025-12-13T17:45:35.667Z" }
wheels = [
    { url = "https://files.pythonhosted.org/packages/c7/b0/003792df09decd6849a5e39c28b513c06e84436a54440380862b5aeff25d/tzdata-2025.3-py2.py3-none-any.whl", hash = "sha256:06a47e5700f3081aab02b2e513160914ff0694bce9947d6b76ebd6bf57cfc5d1", size = 348521, upload-time = "2025-12-13T17:45:33.889Z" },
]

[[package]]
name = "tzlocal"
version = "5.3.1"
source = { registry = "https://pypi.org/simple" }
dependencies = [
    { name = "tzdata", marker = "sys_platform == 'win32'" },
]
sdist = { url = "https://files.pythonhosted.org/packages/8b/2e/c14812d3d4d9cd1773c6be938f89e5735a1f11a9f184ac3639b93cef35d5/tzlocal-5.3.1.tar.gz", hash = "sha256:cceffc7edecefea1f595541dbd6e990cb1ea3d19bf01b2809f362a03dd7921fd", size = 30761, upload-time = "2025-03-05T21:17:41.549Z" }
wheels = [
    { url = "https://files.pythonhosted.org/packages/c2/14/e2a54fabd4f08cd7af1c07030603c3356b74da07f7cc056e600436edfa17/tzlocal-5.3.1-py3-none-any.whl", hash = "sha256:eb1a66c3ef5847adf7a834f1be0800581b683b5608e74f86ecbcef8ab91bb85d", size = 18026, upload-time = "2025-03-05T21:17:39.857Z" },
]

[[package]]
name = "vine"
version = "5.1.0"
source = { registry = "https://pypi.org/simple" }
sdist = { url = "https://files.pythonhosted.org/packages/bd/e4/d07b5f29d283596b9727dd5275ccbceb63c44a1a82aa9e4bfd20426762ac/vine-5.1.0.tar.gz", hash = "sha256:8b62e981d35c41049211cf62a0a1242d8c1ee9bd15bb196ce38aefd6799e61e0", size = 48980, upload-time = "2023-11-05T08:46:53.857Z" }
wheels = [
    { url = "https://files.pythonhosted.org/packages/03/ff/7c0c86c43b3cbb927e0ccc0255cb4057ceba4799cd44ae95174ce8e8b5b2/vine-5.1.0-py3-none-any.whl", hash = "sha256:40fdf3c48b2cfe1c38a49e9ae2da6fda88e4794c810050a728bd7413811fb1dc", size = 9636, upload-time = "2023-11-05T08:46:51.205Z" },
]

[[package]]
name = "vstu-schedule"
version = "0.0.1a0"
source = { virtual = "." }
dependencies = [
    { name = "celery" },
    { name = "django" },
    { name = "django-celery-beat" },
    { name = "gunicorn" },
    { name = "psycopg", extra = ["binary", "pool"] },
    { name = "python-dotenv" },
    { name = "rapidfuzz" },
    { name = "redis" },
]

[package.dev-dependencies]
dev = [
    { name = "pytest" },
    { name = "pytest-django" },
]

[package.metadata]
requires-dist = [
    { name = "celery", specifier = ">=5.6.2" },
    { name = "django", specifier = ">=6.0.1" },
    { name = "django-celery-beat", git = "https://github.com/celery/django-celery-beat?rev=bd429063cbb227c00905e7693c38895e44ff8e47" },
    { name = "gunicorn", specifier = ">=23.0.0" },
    { name = "psycopg", extras = ["binary", "pool"], specifier = ">=3.3.2" },
    { name = "python-dotenv", specifier = ">=1.2.1" },
    { name = "rapidfuzz", specifier = ">=3.10.0" },
    { name = "redis", specifier = ">=7.1.0" },
]

[package.metadata.requires-dev]
dev = [
    { name = "pytest", specifier = ">=9.0.2" },
    { name = "pytest-django", specifier = ">=4.11.1" },
]

[[package]]
name = "wcwidth"
version = "0.2.14"
source = { registry = "https://pypi.org/simple" }
sdist = { url = "https://files.pythonhosted.org/packages/24/30/6b0809f4510673dc723187aeaf24c7f5459922d01e2f794277a3dfb90345/wcwidth-0.2.14.tar.gz", hash = "sha256:4d478375d31bc5395a3c55c40ccdf3354688364cd61c4f6adacaa9215d0b3605", size = 102293, upload-time = "2025-09-22T16:29:53.023Z" }
wheels = [
    { url = "https://files.pythonhosted.org/packages/af/b5/123f13c975e9f27ab9c0770f514345bd406d0e8d3b7a0723af9d43f710af/wcwidth-0.2.14-py2.py3-none-any.whl", hash = "sha256:a7bb560c8aee30f9957e5f9895805edd20602f2d7f720186dfd906e82b4982e1", size = 37286, upload-time = "2025-09-22T16:29:51.641Z" },
]
